# THIS IS AN AUTOGENERATED FILE. DO NOT EDIT THIS FILE DIRECTLY.
# yarn lockfile v1


"@playwright/cli@^0.1.6":
  version "0.1.14"
  resolved "https://registry.yarnpkg.com/@playwright/cli/-/cli-0.1.14.tgz#242b80eb2941ff27952a4341435a7483e09aa91b"
  integrity sha512-DoKzrzEN/ivdxFy61Kbqzsz/U4+6F6Nk1Psu9hSYYYriqhzifW57VuNciuXjFS5Xuyhb8aXcy5hCgbDdqr3EIg==
  dependencies:
    playwright "1.61.0-alpha-1781023400000"
    playwright-core "1.61.0-alpha-1781023400000"

"@playwright/test@^1.59.1":
  version "1.61.0"
  resolved "https://registry.yarnpkg.com/@playwright/test/-/test-1.61.0.tgz#dcc3d43e581aab2985d70413309d89350e980ad8"
  integrity sha512-cKA5B6lpFEMyMGjxF54QihfYpB4FkEGH+qZhtArDEG+wezQAJY8Pq6C7T1SjWz+FFzt3TbyoXBQYk/0292TdJA==
  dependencies:
    playwright "1.61.0"

"@types/node@^25.5.2":
  version "25.9.3"
  resolved "https://registry.yarnpkg.com/@types/node/-/node-25.9.3.tgz#11dfe7a33e68fa5c560f0aa76cc5595621ef26b9"
  integrity sha512-603BddQMv3pUcr4U2dhujk83N2tTDVr/34wII2B6bJy6g+8WD6yUb11jszNs0gdi4PesVWl7ABt8nYMVpnLUcg==
  dependencies:
    undici-types ">=7.24.0 <7.24.7"

dotenv@^17.4.2:
  version "17.4.2"
  resolved "https://registry.yarnpkg.com/dotenv/-/dotenv-17.4.2.tgz#c07e54a746e11eba021dd9e1047ced5afdc1c034"
  integrity sha512-nI4U3TottKAcAD9LLud4Cb7b2QztQMUEfHbvhTH09bqXTxnSie8WnjPALV/WMCrJZ6UV/qHJ6L03OqO3LcdYZw==

fsevents@2.3.2:
  version "2.3.2"
  resolved "https://registry.yarnpkg.com/fsevents/-/fsevents-2.3.2.tgz#8a526f78b8fdf4623b709e0b975c52c24c02fd1a"
  integrity sha512-xiqMQR4xAeHTuB9uWm+fFRcIOgKBMiOBP+eXiyT7jsgVCq1bkVygt00oASowB7EdtpOHaaPgKt812P9ab+DDKA==

playwright-core@1.61.0:
  version "1.61.0"
  resolved "https://registry.yarnpkg.com/playwright-core/-/playwright-core-1.61.0.tgz#caf8078b2a39cd7738dc75ec11cb3b47f385c3f0"
  integrity sha512-caX7TrY3Ml6egyDX0WUcTHDxodl/b51y5wJOdCEA36QviK/s2g081hvmGs8eaE3DWb6NYZQ6BjO/QkNRPenoPA==

playwright-core@1.61.0-alpha-1781023400000:
  version "1.61.0-alpha-1781023400000"
  resolved "https://registry.yarnpkg.com/playwright-core/-/playwright-core-1.61.0-alpha-1781023400000.tgz#2a75fc5208882876ec0f45f43ba0e5f9fd076663"
  integrity sha512-UdtUd9qnCO0zvb8p3OvOZpelY6mA40mTb3NmWGuMtrD+hqqWuorWCPlSGwj7jw/LEB9AxvYLHTL1CJi2flvksg==

playwright@1.61.0:
  version "1.61.0"
  resolved "https://registry.yarnpkg.com/playwright/-/playwright-1.61.0.tgz#7082df3df08ffa82b11420ea5fae84a40bd16e3f"
  integrity sha512-Z+7BeeqQPRRzklHsVFP4KTGIyMxKUmfeRA4WisM6G3/XW6nwGeX6fX9qYaDa+CiUqpOkb2f6X3nar05R3kSuJQ==
  dependencies:
    playwright-core "1.61.0"
  optionalDependencies:
    fsevents "2.3.2"

playwright@1.61.0-alpha-1781023400000:
  version "1.61.0-alpha-1781023400000"
  resolved "https://registry.yarnpkg.com/playwright/-/playwright-1.61.0-alpha-1781023400000.tgz#ee57fa320a1f9f7eeb45c66499e2ce72802a5cde"
  integrity sha512-8TRUG3IvwaAhuVm6k3C5vB7CwC5Fxq76DCCxOgPr6r1dpTedDwxlmdOBUkSZ0zxfxP14jcuPxi86/Trq4eA03w==
  dependencies:
    playwright-core "1.61.0-alpha-1781023400000"
  optionalDependencies:
    fsevents "2.3.2"

"undici-types@>=7.24.0 <7.24.7":
  version "7.24.6"
  resolved "https://registry.yarnpkg.com/undici-types/-/undici-types-7.24.6.tgz#61275b485d7fd4e9d269c7cf04ec2873c9cc0f91"
  integrity sha512-WRNW+sJgj5OBN4/0JpHFqtqzhpbnV0GuB+OozA9gCL7a993SmU+1JBZCzLNxYsbMfIeDL+lTsphD5jN5N+n0zg==
